{
  "lockfile_version": "1",
  "packages": {
    "clang-tools@latest": {
      "last_modified": "2026-04-23T13:07:47Z",
      "resolved": "github:NixOS/nixpkgs/01fbdeef22b76df85ea168fbfe1bfd9e63681b30#clang-tools",
      "source": "devbox-search",
      "version": "21.1.8",
      "systems": {
        "aarch64-darwin": {
          "outputs": [
            {
              "name": "out",
              "path": "/nix/store/bw3x1vkn4gdbhmjzqnjrznx7zd6ylc2k-clang-tools-21.1.8",
              "default": true
            }
          ],
          "store_path": "/nix/store/bw3x1vkn4gdbhmjzqnjrznx7zd6ylc2k-clang-tools-21.1.8"
        },
        "aarch64-linux": {
          "outputs": [
            {
              "name": "out",
              "path": "/nix/store/6brkgrckqbashgarh3iqw79hqb075ijz-clang-tools-21.1.8",
              "default": true
            }
          ],
          "store_path": "/nix/store/6brkgrckqbashgarh3iqw79hqb075ijz-clang-tools-21.1.8"
        },
        "x86_64-darwin": {
          "outputs": [
            {
              "name": "out",
              "path": "/nix/store/l6i8gmm17pqzp2f4js69zvmw2rckagvq-clang-tools-21.1.8",
              "default": true
            }
          ],
          "store_path": "/nix/store/l6i8gmm17pqzp2f4js69zvmw2rckagvq-clang-tools-21.1.8"
        },
        "x86_64-linux": {
          "outputs": [
            {
              "name": "out",
              "path": "/nix/store/55mfy3z8nv3d7hjghybnk2fmazyqfyhh-clang-tools-21.1.8",
              "default": true
            }
          ],
          "store_path": "/nix/store/55mfy3z8nv3d7hjghybnk2fmazyqfyhh-clang-tools-21.1.8"
        }
      }
    },
    "gcc@latest": {
      "last_modified": "2026-04-23T13:07:47Z",
      "resolved": "github:NixOS/nixpkgs/01fbdeef22b76df85ea168fbfe1bfd9e63681b30#gcc",
      "source": "devbox-search",
      "version": "15.2.0",
      "systems": {
        "aarch64-darwin": {
          "outputs": [
            {
              "name": "out",
              "path": "/nix/store/dwlwh17hj0kvd3wjdldzjhpg1lrkriz7-gcc-wrapper-15.2.0",
              "default": true
            },
            {
              "name": "man",
              "path": "/nix/store/9aq51flq9r3qk1wad800jnwhywxh11g8-gcc-wrapper-15.2.0-man",
              "default": true
            },
            {
              "name": "info",
              "path": "/nix/store/c56kq8gqdv1x250bkszg4qka470hkdxn-gcc-wrapper-15.2.0-info"
            }
          ],
          "store_path": "/nix/store/dwlwh17hj0kvd3wjdldzjhpg1lrkriz7-gcc-wrapper-15.2.0"
        },
        "aarch64-linux": {
          "outputs": [
            {
              "name": "out",
              "path": "/nix/store/xvvipinc7wngr82akl5i61bxdh10rajw-gcc-wrapper-15.2.0",
              "default": true
            },
            {
              "name": "man",
              "path": "/nix/store/d5svqdhdiryldnkaphaxwamiwxnadcid-gcc-wrapper-15.2.0-man",
              "default": true
            },
            {
              "name": "info",
              "path": "/nix/store/q487ij6jvnbvwwqnqf2yzacplj0nl1lm-gcc-wrapper-15.2.0-info"
            }
          ],
          "store_path": "/nix/store/xvvipinc7wngr82akl5i61bxdh10rajw-gcc-wrapper-15.2.0"
        },
        "x86_64-darwin": {
          "outputs": [
            {
              "name": "out",
              "path": "/nix/store/3gphzab4pz860k6xyyg913a0ys3ch3fw-gcc-wrapper-15.2.0",
              "default": true
            },
            {
              "name": "man",
              "path": "/nix/store/wp66lw67zy3a6l8nyrm7mp849pv38a52-gcc-wrapper-15.2.0-man",
              "default": true
            },
            {
              "name": "info",
              "path": "/nix/store/nrkdf7av6jq3p1x7pdmvllcp1l1gbs1v-gcc-wrapper-15.2.0-info"
            }
          ],
          "store_path": "/nix/store/3gphzab4pz860k6xyyg913a0ys3ch3fw-gcc-wrapper-15.2.0"
        },
        "x86_64-linux": {
          "outputs": [
            {
              "name": "out",
              "path": "/nix/store/qd70v8g0561vm8m33kmnp79z00cgyi5n-gcc-wrapper-15.2.0",
              "default": true
            },
            {
              "name": "man",
              "path": "/nix/store/s03w1r1shmmzs1zz367aplbfyq2vgcfg-gcc-wrapper-15.2.0-man",
              "default": true
            },
            {
              "name": "info",
              "path": "/nix/store/k8zz91jx73nabxg7hh8yshab5w9y4rq8-gcc-wrapper-15.2.0-info"
            }
          ],
          "store_path": "/nix/store/qd70v8g0561vm8m33kmnp79z00cgyi5n-gcc-wrapper-15.2.0"
        }
      }
    },
    "gdb@latest": {
      "last_modified": "2026-04-23T13:07:47Z",
      "resolved": "github:NixOS/nixpkgs/01fbdeef22b76df85ea168fbfe1bfd9e63681b30#gdb",
      "source": "devbox-search",
      "version": "17.1",
      "systems": {
        "aarch64-darwin": {
          "outputs": [
            {
              "name": "out",
              "path": "/nix/store/i6csm5r00mkk4pn5czy42yc1l4ixd2g5-gdb-17.1",
              "default": true
            }
          ],
          "store_path": "/nix/store/i6csm5r00mkk4pn5czy42yc1l4ixd2g5-gdb-17.1"
        },
        "aarch64-linux": {
          "outputs": [
            {
              "name": "out",
              "path": "/nix/store/avwxxcvxnaikf80hk01q3jz1hbxpch84-gdb-17.1",
              "default": true
            }
          ],
          "store_path": "/nix/store/avwxxcvxnaikf80hk01q3jz1hbxpch84-gdb-17.1"
        },
        "x86_64-darwin": {
          "outputs": [
            {
              "name": "out",
              "path": "/nix/store/ydx6bahnl9x543r4lp1skilq47maaqsh-gdb-17.1",
              "default": true
            }
          ],
          "store_path": "/nix/store/ydx6bahnl9x543r4lp1skilq47maaqsh-gdb-17.1"
        },
        "x86_64-linux": {
          "outputs": [
            {
              "name": "out",
              "path": "/nix/store/q0blg6512mzczxmjk40whhfc57p5p545-gdb-17.1",
              "default": true
            }
          ],
          "store_path": "/nix/store/q0blg6512mzczxmjk40whhfc57p5p545-gdb-17.1"
        }
      }
    },
    "github:NixOS/nixpkgs/nixpkgs-unstable": {
      "last_modified": "2026-05-01T13:14:57Z",
      "resolved": "github:NixOS/nixpkgs/c6d65881c5624c9cae5ea6cedef24699b0c0a4c0?lastModified=1777641297"
    }
  }
}
